
Microsoft Visual Studio Solution File, Format Version 12.00
# Visual Studio 15
VisualStudioVersion = 15.0.27130.2010
MinimumVisualStudioVersion = 10.0.40219.1
Project("{2150E333-8FDC-42A3-9474-1A3956D46DE8}") = "Engine", "Engine", "{BEEE148E-CC8C-4650-80C5-B9B85287B276}"
EndProject
Project("{2150E333-8FDC-42A3-9474-1A3956D46DE8}") = "Games", "Games", "{8A56E8B7-F871-456B-83AA-2A04BE40E01D}"
EndProject
Project("{8BC9CEB8-8B4A-11D0-8D11-00A0C91BC942}") = "UE4", "Intermediate\ProjectFiles\UE4.vcxproj", "{1B13A073-0051-4C38-9267-66267E60CBEB}"
EndProject
Project("{8BC9CEB8-8B4A-11D0-8D11-00A0C91BC942}") = "DHC_ProjectX", "Intermediate\ProjectFiles\DHC_ProjectX.vcxproj", "{46F248EA-84A3-4EC7-8DA1-F0C61DE1CA7F}"
EndProject
Global
	GlobalSection(SolutionConfigurationPlatforms) = preSolution
		DebugGame Editor|HTML5 = DebugGame Editor|HTML5
		DebugGame Editor|Win32 = DebugGame Editor|Win32
		DebugGame Editor|Win64 = DebugGame Editor|Win64
		DebugGame|HTML5 = DebugGame|HTML5
		DebugGame|Win32 = DebugGame|Win32
		DebugGame|Win64 = DebugGame|Win64
		Development Editor|HTML5 = Development Editor|HTML5
		Development Editor|Win32 = Development Editor|Win32
		Development Editor|Win64 = Development Editor|Win64
		Development|HTML5 = Development|HTML5
		Development|Win32 = Development|Win32
		Development|Win64 = Development|Win64
		Shipping|HTML5 = Shipping|HTML5
		Shipping|Win32 = Shipping|Win32
		Shipping|Win64 = Shipping|Win64
	EndGlobalSection
	GlobalSection(ProjectConfigurationPlatforms) = postSolution
		{1B13A073-0051-4C38-9267-66267E60CBEB}.DebugGame Editor|HTML5.ActiveCfg = BuiltWithUnrealBuildTool|Win32
		{1B13A073-0051-4C38-9267-66267E60CBEB}.DebugGame Editor|HTML5.Build.0 = BuiltWithUnrealBuildTool|Win32
		{1B13A073-0051-4C38-9267-66267E60CBEB}.DebugGame Editor|Win32.ActiveCfg = BuiltWithUnrealBuildTool|Win32
		{1B13A073-0051-4C38-9267-66267E60CBEB}.DebugGame Editor|Win32.Build.0 = BuiltWithUnrealBuildTool|Win32
		{1B13A073-0051-4C38-9267-66267E60CBEB}.DebugGame Editor|Win64.ActiveCfg = BuiltWithUnrealBuildTool|Win32
		{1B13A073-0051-4C38-9267-66267E60CBEB}.DebugGame Editor|Win64.Build.0 = BuiltWithUnrealBuildTool|Win32
		{1B13A073-0051-4C38-9267-66267E60CBEB}.DebugGame|HTML5.ActiveCfg = BuiltWithUnrealBuildTool|Win32
		{1B13A073-0051-4C38-9267-66267E60CBEB}.DebugGame|HTML5.Build.0 = BuiltWithUnrealBuildTool|Win32
		{1B13A073-0051-4C38-9267-66267E60CBEB}.DebugGame|Win32.ActiveCfg = BuiltWithUnrealBuildTool|Win32
		{1B13A073-0051-4C38-9267-66267E60CBEB}.DebugGame|Win32.Build.0 = BuiltWithUnrealBuildTool|Win32
		{1B13A073-0051-4C38-9267-66267E60CBEB}.DebugGame|Win64.ActiveCfg = BuiltWithUnrealBuildTool|Win32
		{1B13A073-0051-4C38-9267-66267E60CBEB}.DebugGame|Win64.Build.0 = BuiltWithUnrealBuildTool|Win32
		{1B13A073-0051-4C38-9267-66267E60CBEB}.Development Editor|HTML5.ActiveCfg = BuiltWithUnrealBuildTool|Win32
		{1B13A073-0051-4C38-9267-66267E60CBEB}.Development Editor|HTML5.Build.0 = BuiltWithUnrealBuildTool|Win32
		{1B13A073-0051-4C38-9267-66267E60CBEB}.Development Editor|Win32.ActiveCfg = BuiltWithUnrealBuildTool|Win32
		{1B13A073-0051-4C38-9267-66267E60CBEB}.Development Editor|Win32.Build.0 = BuiltWithUnrealBuildTool|Win32
		{1B13A073-0051-4C38-9267-66267E60CBEB}.Development Editor|Win64.ActiveCfg = BuiltWithUnrealBuildTool|Win32
		{1B13A073-0051-4C38-9267-66267E60CBEB}.Development Editor|Win64.Build.0 = BuiltWithUnrealBuildTool|Win32
		{1B13A073-0051-4C38-9267-66267E60CBEB}.Development|HTML5.ActiveCfg = BuiltWithUnrealBuildTool|Win32
		{1B13A073-0051-4C38-9267-66267E60CBEB}.Development|HTML5.Build.0 = BuiltWithUnrealBuildTool|Win32
		{1B13A073-0051-4C38-9267-66267E60CBEB}.Development|Win32.ActiveCfg = BuiltWithUnrealBuildTool|Win32
		{1B13A073-0051-4C38-9267-66267E60CBEB}.Development|Win32.Build.0 = BuiltWithUnrealBuildTool|Win32
		{1B13A073-0051-4C38-9267-66267E60CBEB}.Development|Win64.ActiveCfg = BuiltWithUnrealBuildTool|Win32
		{1B13A073-0051-4C38-9267-66267E60CBEB}.Development|Win64.Build.0 = BuiltWithUnrealBuildTool|Win32
		{1B13A073-0051-4C38-9267-66267E60CBEB}.Shipping|HTML5.ActiveCfg = BuiltWithUnrealBuildTool|Win32
		{1B13A073-0051-4C38-9267-66267E60CBEB}.Shipping|HTML5.Build.0 = BuiltWithUnrealBuildTool|Win32
		{1B13A073-0051-4C38-9267-66267E60CBEB}.Shipping|Win32.ActiveCfg = BuiltWithUnrealBuildTool|Win32
		{1B13A073-0051-4C38-9267-66267E60CBEB}.Shipping|Win32.Build.0 = BuiltWithUnrealBuildTool|Win32
		{1B13A073-0051-4C38-9267-66267E60CBEB}.Shipping|Win64.ActiveCfg = BuiltWithUnrealBuildTool|Win32
		{1B13A073-0051-4C38-9267-66267E60CBEB}.Shipping|Win64.Build.0 = BuiltWithUnrealBuildTool|Win32
		{46F248EA-84A3-4EC7-8DA1-F0C61DE1CA7F}.DebugGame Editor|HTML5.ActiveCfg = HTML5_DebugGame_Editor|Win32
		{46F248EA-84A3-4EC7-8DA1-F0C61DE1CA7F}.DebugGame Editor|Win32.ActiveCfg = DebugGame_Editor|Win32
		{46F248EA-84A3-4EC7-8DA1-F0C61DE1CA7F}.DebugGame Editor|Win64.ActiveCfg = DebugGame_Editor|x64
		{46F248EA-84A3-4EC7-8DA1-F0C61DE1CA7F}.DebugGame Editor|Win64.Build.0 = DebugGame_Editor|x64
		{46F248EA-84A3-4EC7-8DA1-F0C61DE1CA7F}.DebugGame|HTML5.ActiveCfg = HTML5_DebugGame_Game|Win32
		{46F248EA-84A3-4EC7-8DA1-F0C61DE1CA7F}.DebugGame|HTML5.Build.0 = HTML5_DebugGame_Game|Win32
		{46F248EA-84A3-4EC7-8DA1-F0C61DE1CA7F}.DebugGame|Win32.ActiveCfg = DebugGame_Game|Win32
		{46F248EA-84A3-4EC7-8DA1-F0C61DE1CA7F}.DebugGame|Win32.Build.0 = DebugGame_Game|Win32
		{46F248EA-84A3-4EC7-8DA1-F0C61DE1CA7F}.DebugGame|Win64.ActiveCfg = DebugGame_Game|x64
		{46F248EA-84A3-4EC7-8DA1-F0C61DE1CA7F}.DebugGame|Win64.Build.0 = DebugGame_Game|x64
		{46F248EA-84A3-4EC7-8DA1-F0C61DE1CA7F}.Development Editor|HTML5.ActiveCfg = HTML5_Development_Editor|Win32
		{46F248EA-84A3-4EC7-8DA1-F0C61DE1CA7F}.Development Editor|Win32.ActiveCfg = Development_Editor|Win32
		{46F248EA-84A3-4EC7-8DA1-F0C61DE1CA7F}.Development Editor|Win64.ActiveCfg = Development_Editor|x64
		{46F248EA-84A3-4EC7-8DA1-F0C61DE1CA7F}.Development Editor|Win64.Build.0 = Development_Editor|x64
		{46F248EA-84A3-4EC7-8DA1-F0C61DE1CA7F}.Development|HTML5.ActiveCfg = HTML5_Development_Game|Win32
		{46F248EA-84A3-4EC7-8DA1-F0C61DE1CA7F}.Development|HTML5.Build.0 = HTML5_Development_Game|Win32
		{46F248EA-84A3-4EC7-8DA1-F0C61DE1CA7F}.Development|Win32.ActiveCfg = Development_Game|Win32
		{46F248EA-84A3-4EC7-8DA1-F0C61DE1CA7F}.Development|Win32.Build.0 = Development_Game|Win32
		{46F248EA-84A3-4EC7-8DA1-F0C61DE1CA7F}.Development|Win64.ActiveCfg = Development_Game|x64
		{46F248EA-84A3-4EC7-8DA1-F0C61DE1CA7F}.Development|Win64.Build.0 = Development_Game|x64
		{46F248EA-84A3-4EC7-8DA1-F0C61DE1CA7F}.Shipping|HTML5.ActiveCfg = HTML5_Shipping_Game|Win32
		{46F248EA-84A3-4EC7-8DA1-F0C61DE1CA7F}.Shipping|HTML5.Build.0 = HTML5_Shipping_Game|Win32
		{46F248EA-84A3-4EC7-8DA1-F0C61DE1CA7F}.Shipping|Win32.ActiveCfg = Shipping_Game|Win32
		{46F248EA-84A3-4EC7-8DA1-F0C61DE1CA7F}.Shipping|Win32.Build.0 = Shipping_Game|Win32
		{46F248EA-84A3-4EC7-8DA1-F0C61DE1CA7F}.Shipping|Win64.ActiveCfg = Shipping_Game|x64
		{46F248EA-84A3-4EC7-8DA1-F0C61DE1CA7F}.Shipping|Win64.Build.0 = Shipping_Game|x64
	EndGlobalSection
	GlobalSection(SolutionProperties) = preSolution
		HideSolutionNode = FALSE
	EndGlobalSection
	GlobalSection(NestedProjects) = preSolution
		{1B13A073-0051-4C38-9267-66267E60CBEB} = {BEEE148E-CC8C-4650-80C5-B9B85287B276}
		{46F248EA-84A3-4EC7-8DA1-F0C61DE1CA7F} = {8A56E8B7-F871-456B-83AA-2A04BE40E01D}
	EndGlobalSection
	GlobalSection(ExtensibilityGlobals) = postSolution
		SolutionGuid = {D5A4C77A-2FD9-48E8-8B5E-5D7D5B944BAE}
	EndGlobalSection
EndGlobal
